
Microsoft Visual Studio Solution File, Format Version 12.00
# Visual Studio Version 17
VisualStudioVersion = 17.4.33213.308
MinimumVisualStudioVersion = 10.0.40219.1
Project("{FAE04EC0-301F-11D3-BF4B-00C04F79EFBC}") = "CloudStorageAPI", "CloudStorageAPI\CloudStorageAPI.csproj", "{13153AA2-0FA0-4924-95D0-93846990FDF1}"
EndProject
Project("{FAE04EC0-301F-11D3-BF4B-00C04F79EFBC}") = "CloudStorage.Core", "CloudStorage.Core\CloudStorage.Core.csproj", "{2E8BF402-94FC-4924-B8A5-FBE374B94452}"
EndProject
Project("{FAE04EC0-301F-11D3-BF4B-00C04F79EFBC}") = "CloudStorage.Test", "CloudStorage.Test\CloudStorage.Test.csproj", "{0CD4971E-4163-4988-9026-2D03868D81B5}"
EndProject
Global
	GlobalSection(SolutionConfigurationPlatforms) = preSolution
		Debug|Any CPU = Debug|Any CPU
		Release|Any CPU = Release|Any CPU
	EndGlobalSection
	GlobalSection(ProjectConfigurationPlatforms) = postSolution
		{13153AA2-0FA0-4924-95D0-93846990FDF1}.Debug|Any CPU.ActiveCfg = Debug|Any CPU
		{13153AA2-0FA0-4924-95D0-93846990FDF1}.Debug|Any CPU.Build.0 = Debug|Any CPU
		{13153AA2-0FA0-4924-95D0-93846990FDF1}.Release|Any CPU.ActiveCfg = Release|Any CPU
		{13153AA2-0FA0-4924-95D0-93846990FDF1}.Release|Any CPU.Build.0 = Release|Any CPU
		{2E8BF402-94FC-4924-B8A5-FBE374B94452}.Debug|Any CPU.ActiveCfg = Debug|Any CPU
		{2E8BF402-94FC-4924-B8A5-FBE374B94452}.Debug|Any CPU.Build.0 = Debug|Any CPU
		{2E8BF402-94FC-4924-B8A5-FBE374B94452}.Release|Any CPU.ActiveCfg = Release|Any CPU
		{2E8BF402-94FC-4924-B8A5-FBE374B94452}.Release|Any CPU.Build.0 = Release|Any CPU
		{0CD4971E-4163-4988-9026-2D03868D81B5}.Debug|Any CPU.ActiveCfg = Debug|Any CPU
		{0CD4971E-4163-4988-9026-2D03868D81B5}.Debug|Any CPU.Build.0 = Debug|Any CPU
		{0CD4971E-4163-4988-9026-2D03868D81B5}.Release|Any CPU.ActiveCfg = Release|Any CPU
		{0CD4971E-4163-4988-9026-2D03868D81B5}.Release|Any CPU.Build.0 = Release|Any CPU
	EndGlobalSection
	GlobalSection(SolutionProperties) = preSolution
		HideSolutionNode = FALSE
	EndGlobalSection
	GlobalSection(ExtensibilityGlobals) = postSolution
		SolutionGuid = {CF146C52-19B8-4B53-9751-D09B1E7BD808}
	EndGlobalSection
EndGlobal
